
Microsoft Visual Studio Solution File, Format Version 12.00
# Visual Studio Version 16
VisualStudioVersion = 16.0.30523.141
MinimumVisualStudioVersion = 10.0.40219.1
Project("{FAE04EC0-301F-11D3-BF4B-00C04F79EFBC}") = "animals", "animals.csproj", "{E812E0BC-4815-4769-9F9A-8136E1B3EAE9}"
EndProject
Global
	GlobalSection(SolutionConfigurationPlatforms) = preSolution
		Debug|Any CPU = Debug|Any CPU
		Release|Any CPU = Release|Any CPU
	EndGlobalSection
	GlobalSection(ProjectConfigurationPlatforms) = postSolution
		{E812E0BC-4815-4769-9F9A-8136E1B3EAE9}.Debug|Any CPU.ActiveCfg = Debug|Any CPU
		{E812E0BC-4815-4769-9F9A-8136E1B3EAE9}.Debug|Any CPU.Build.0 = Debug|Any CPU
		{E812E0BC-4815-4769-9F9A-8136E1B3EAE9}.Release|Any CPU.ActiveCfg = Release|Any CPU
		{E812E0BC-4815-4769-9F9A-8136E1B3EAE9}.Release|Any CPU.Build.0 = Release|Any CPU
	EndGlobalSection
	GlobalSection(SolutionProperties) = preSolution
		HideSolutionNode = FALSE
	EndGlobalSection
	GlobalSection(ExtensibilityGlobals) = postSolution
		SolutionGuid = {3979D793-1964-4E9B-91C5-58AF9ABF1B4A}
	EndGlobalSection
EndGlobal
